github.com/YourOnly-One/hugo-feeds v0.0.0-20211121023953-ee287bb5115c h1:DbawfssmslwWhACXYlWS4y+L1yfeVZooOk7iLiD5/OM=
github.com/YourOnly-One/hugo-feeds v0.0.0-20211121023953-ee287bb5115c/go.mod h1:QblEP5rxIZeOPSuAa6xsp43RMRAiCLqv061A9NKwnb0=
github.com/YourOnly-One/hugo-semantic-web v1.1.2-0.20211210005919-2ec5c8d2a0f8 h1:Uzn2vGbboVukO7w2g5gi+KntsLo2RqK4wCKc4tWZffk=
github.com/YourOnly-One/hugo-semantic-web v1.1.2-0.20211210005919-2ec5c8d2a0f8/go.mod h1:ou1G3eoSHdluO1VwvMgRbdzc9qidrCbKahCKjjdrEJg=
github.com/YourOnly-One/hugo-shortcodes v0.0.0-20211219042607-08a6552e45af h1:oKP/2kkqUpFzz7JtyH63RcFID93zx2y+sC/a5XCUh9Y=
github.com/YourOnly-One/hugo-shortcodes v0.0.0-20211219042607-08a6552e45af/go.mod h1:7HpQrDCu16z5lWm5JqGsSHur4EmA/rXIO1h7Y539ctM=
github.com/YourOnly-One/yoo-hugo-content v0.0.0-20220122223626-973e3f49238d h1:zOprf3zstlJjEvymyTXcviX6lSxnyAnJ4rxgGcx88mo=
github.com/YourOnly-One/yoo-hugo-content v0.0.0-20220122223626-973e3f49238d/go.mod h1:6xVSAq28SE0sNAk8f+n3l0GqIExME2r1v+ZA/XdIc/o=
github.com/YourOnly-One/yoo-hugo-defaults v0.0.0-20220121200035-ca963621731d h1:kF5dkyx2qZfp1Dd8ehEsBNf850FgbvOmKKCsb8qKGXc=
github.com/YourOnly-One/yoo-hugo-defaults v0.0.0-20220121200035-ca963621731d/go.mod h1:CySocAz+5l/ZN5AMLSrlS0JR6DOn1+P13zY9sKFN6hM=
github.com/techmagus/hugo-theme-future-imperfect-slim v0.0.0-20211105151804-67dfc625a77b h1:QZWsX/h/PLNA7RPxGVXWuOPnAUbmCfWVj/7jLPe7hFo=
github.com/techmagus/hugo-theme-future-imperfect-slim v0.0.0-20211105151804-67dfc625a77b/go.mod h1:COfEgHntmSPIBr3C3BmJGBVsAEeKeejsMPBTwgHAFJ4=
