github.com/YourOnly-One/hugo-feeds v0.0.0-20220325074527-ccfd47d19836 h1:GU70W0gUYQ6wLBASt9DtUOrBnKqpfqFwfrQ1vtbbEaI=
github.com/YourOnly-One/hugo-feeds v0.0.0-20220325074527-ccfd47d19836/go.mod h1:QblEP5rxIZeOPSuAa6xsp43RMRAiCLqv061A9NKwnb0=
github.com/YourOnly-One/hugo-semantic-web v1.1.2-0.20211210005919-2ec5c8d2a0f8 h1:Uzn2vGbboVukO7w2g5gi+KntsLo2RqK4wCKc4tWZffk=
github.com/YourOnly-One/hugo-semantic-web v1.1.2-0.20211210005919-2ec5c8d2a0f8/go.mod h1:ou1G3eoSHdluO1VwvMgRbdzc9qidrCbKahCKjjdrEJg=
github.com/YourOnly-One/hugo-shortcodes v0.0.0-20220322104127-6dd4627a3103 h1:qZhHgl7/+LJWuwhuNYjGJTz4pmz0I6n6O1haDlQxAHY=
github.com/YourOnly-One/hugo-shortcodes v0.0.0-20220322104127-6dd4627a3103/go.mod h1:7HpQrDCu16z5lWm5JqGsSHur4EmA/rXIO1h7Y539ctM=
github.com/YourOnly-One/yoo-hugo-content v0.0.0-20220326012016-82041eeb995e h1:PDYwdT6B7SfFh0oUGuoPLRkBbSGwqGijbgixTKKVY88=
github.com/YourOnly-One/yoo-hugo-content v0.0.0-20220326012016-82041eeb995e/go.mod h1:6xVSAq28SE0sNAk8f+n3l0GqIExME2r1v+ZA/XdIc/o=
github.com/YourOnly-One/yoo-hugo-defaults v0.0.0-20220326012924-d8dd970ef9a3 h1:lmiqjsL6HN+PFME1AXoFjfxT9MxCWrrPaRxZx54u+9s=
github.com/YourOnly-One/yoo-hugo-defaults v0.0.0-20220326012924-d8dd970ef9a3/go.mod h1:CySocAz+5l/ZN5AMLSrlS0JR6DOn1+P13zY9sKFN6hM=
github.com/techmagus/hugo-theme-future-imperfect-slim v0.0.0-20211105151804-67dfc625a77b h1:QZWsX/h/PLNA7RPxGVXWuOPnAUbmCfWVj/7jLPe7hFo=
github.com/techmagus/hugo-theme-future-imperfect-slim v0.0.0-20211105151804-67dfc625a77b/go.mod h1:COfEgHntmSPIBr3C3BmJGBVsAEeKeejsMPBTwgHAFJ4=
