github.com/YourOnly-One/hugo-atom-feed v0.0.0-20210910014300-e3dc5affdf0f h1:1OUaiwrp4bPKT/GpNUs3x5xpTYfV0mqeoWw+EwnF7Yk=
github.com/YourOnly-One/hugo-atom-feed v0.0.0-20210910014300-e3dc5affdf0f/go.mod h1:KWMrFM+Pw+PP0+tahtpIqMlMgt0QecD5xGRPbup0xbI=
github.com/YourOnly-One/hugo-shortcodes v0.0.0-20210906082846-759c056ba3d0 h1:3VMSxmfw5ex2GD4MFHRGm9NPyD21Txt7PM1AqyhJmdk=
github.com/YourOnly-One/hugo-shortcodes v0.0.0-20210906082846-759c056ba3d0/go.mod h1:7HpQrDCu16z5lWm5JqGsSHur4EmA/rXIO1h7Y539ctM=
github.com/YourOnly-One/hugo-structured-data v0.0.0-20210906092140-799dc15017b1 h1:WSNHbRSDIXbK/RLhATkOLZGoLyAnYeyCWQwP9vELq+4=
github.com/YourOnly-One/hugo-structured-data v0.0.0-20210906092140-799dc15017b1/go.mod h1:fh2ZF1p5Pm7WoH96N+8Kz7SK+UCYYumip4GFr2pOp5E=
github.com/YourOnly-One/yoo-hugo-content v0.0.0-20210913132237-166a14db0b9f h1:/nTFhjTiJcHY+JMk/wmfJSEoiLFOPACM1vTkWRXzrjc=
github.com/YourOnly-One/yoo-hugo-content v0.0.0-20210913132237-166a14db0b9f/go.mod h1:6xVSAq28SE0sNAk8f+n3l0GqIExME2r1v+ZA/XdIc/o=
github.com/YourOnly-One/yoo-hugo-defaults v0.0.0-20210916021545-e94f2add3591 h1:9aT92tIQPryG/oGxemXLhGv8w8ZvBXVdxyWNslIVD8Q=
github.com/YourOnly-One/yoo-hugo-defaults v0.0.0-20210916021545-e94f2add3591/go.mod h1:CySocAz+5l/ZN5AMLSrlS0JR6DOn1+P13zY9sKFN6hM=
github.com/pacollins/hugo-future-imperfect-slim v0.0.0-20210704021429-57b6d9c59390 h1:U2nJZUt0D9526iPotLBO15Ik3U8sosRszY5Pb5zKZUU=
github.com/pacollins/hugo-future-imperfect-slim v0.0.0-20210704021429-57b6d9c59390/go.mod h1:H8kFIjeSzW00Pr/usZOsFF1iMMtiPBXVRXViazWfl8o=
